
Microsoft Visual Studio Solution File, Format Version 12.00
# Visual Studio Version 17
VisualStudioVersion = 17.11.35219.272
MinimumVisualStudioVersion = 10.0.40219.1
Project("{FAE04EC0-301F-11D3-BF4B-00C04F79EFBC}") = "Home Work 23.01.23", "Home Work 23.01.23\Home Work 23.01.23.csproj", "{0377E34E-D411-485B-9620-A30A861A294C}"
EndProject
Global
	GlobalSection(SolutionConfigurationPlatforms) = preSolution
		Debug|Any CPU = Debug|Any CPU
		Release|Any CPU = Release|Any CPU
	EndGlobalSection
	GlobalSection(ProjectConfigurationPlatforms) = postSolution
		{0377E34E-D411-485B-9620-A30A861A294C}.Debug|Any CPU.ActiveCfg = Debug|Any CPU
		{0377E34E-D411-485B-9620-A30A861A294C}.Debug|Any CPU.Build.0 = Debug|Any CPU
		{0377E34E-D411-485B-9620-A30A861A294C}.Release|Any CPU.ActiveCfg = Release|Any CPU
		{0377E34E-D411-485B-9620-A30A861A294C}.Release|Any CPU.Build.0 = Release|Any CPU
	EndGlobalSection
	GlobalSection(SolutionProperties) = preSolution
		HideSolutionNode = FALSE
	EndGlobalSection
	GlobalSection(ExtensibilityGlobals) = postSolution
		SolutionGuid = {5E1D4DB3-0F0B-44E9-96CD-4945521650FE}
	EndGlobalSection
EndGlobal
